
Microsoft Visual Studio Solution File, Format Version 12.00
# Visual Studio Version 17
VisualStudioVersion = 17.11.35303.130
MinimumVisualStudioVersion = 10.0.40219.1
Project("{2150E333-8FDC-42A3-9474-1A3956D46DE8}") = "Task0", "Task0", "{D9007522-B3A5-4685-A549-95F38F803A31}"
EndProject
Project("{9A19103F-16F7-4668-BE54-9A1E7A4F7556}") = "Tyuiu.BabaiKV.Sprint1.Task0.V5", "Tyuiu.BabaiKV.Sprint1.Task0.V5\Tyuiu.BabaiKV.Sprint1.Task0.V5.csproj", "{18A059F6-D3DD-4142-84D0-C9913C58990B}"
EndProject
Project("{9A19103F-16F7-4668-BE54-9A1E7A4F7556}") = "Tyuiu.BabaiKV.Sprint1.Task0.V5.Lib", "Tyuiu.BabaiKV.Sprint1.Task0.V5.Lib\Tyuiu.BabaiKV.Sprint1.Task0.V5.Lib.csproj", "{83A1568D-4F36-4BF7-804A-27DA221C191F}"
EndProject
Project("{9A19103F-16F7-4668-BE54-9A1E7A4F7556}") = "Tyuiu.BabaiKV.Sprint1.Task0.V5.Test", "Tyuiu.BabaiKV.Sprint1.Task0.V5.Test\Tyuiu.BabaiKV.Sprint1.Task0.V5.Test.csproj", "{F949A0AD-209D-405F-AD28-CEE1B83CE206}"
EndProject
Project("{2150E333-8FDC-42A3-9474-1A3956D46DE8}") = "Task1", "Task1", "{39033CA0-E0A4-4E7C-BD8E-ABD718523C8D}"
EndProject
Project("{9A19103F-16F7-4668-BE54-9A1E7A4F7556}") = "Tyuiu.BabaiKV.Sprint1.Task1.V5", "Tyuiu.BabaiKV.Sprint1.Task1.V5\Tyuiu.BabaiKV.Sprint1.Task1.V5.csproj", "{B8A0F910-75BE-498B-AC55-A00665885567}"
EndProject
Project("{9A19103F-16F7-4668-BE54-9A1E7A4F7556}") = "Tyuiu.BabaiKV.Sprint1.Task1.V5.Lib", "Tyuiu.BabaiKV.Sprint1.Task1.V5.Lib\Tyuiu.BabaiKV.Sprint1.Task1.V5.Lib.csproj", "{31159BD1-F98F-4ED0-92D7-65BD5B47FA60}"
EndProject
Project("{9A19103F-16F7-4668-BE54-9A1E7A4F7556}") = "Tyuiu.BabaiKV.Sprint1.Task1.V5.Test", "Tyuiu.BabaiKV.Sprint1.Task1.V5.Test\Tyuiu.BabaiKV.Sprint1.Task1.V5.Test.csproj", "{CA55244F-6A67-467B-A3EE-0E96E5BE5E3A}"
EndProject
Project("{2150E333-8FDC-42A3-9474-1A3956D46DE8}") = "Task2", "Task2", "{1BFA46A5-5F0D-450E-992D-2F0B073C2FB1}"
EndProject
Project("{9A19103F-16F7-4668-BE54-9A1E7A4F7556}") = "Tyuiu.BabaiKV.Sprint1.Task2.V29", "Tyuiu.BabaiKV.Sprint1.Task2.V29\Tyuiu.BabaiKV.Sprint1.Task2.V29.csproj", "{BA6FF37D-2B73-48AB-B5E3-FE2A513D3F6F}"
EndProject
Project("{9A19103F-16F7-4668-BE54-9A1E7A4F7556}") = "Tyuiu.BabaiKV.Sprint1.Task2.V29.Lib", "Tyuiu.BabaiKV.Sprint1.Task2.V29.Lib\Tyuiu.BabaiKV.Sprint1.Task2.V29.Lib.csproj", "{366A57CF-D506-475A-94E4-6DDF00D7885B}"
EndProject
Project("{9A19103F-16F7-4668-BE54-9A1E7A4F7556}") = "Tyuiu.BabaiKV.Sprint1.Task2.V29.Test", "Tyuiu.BabaiKV.Sprint1.Task2.V29.Test\Tyuiu.BabaiKV.Sprint1.Task2.V29.Test.csproj", "{62A1CCE2-3614-441B-AD32-A464C2D48D37}"
EndProject
Project("{2150E333-8FDC-42A3-9474-1A3956D46DE8}") = "Task3", "Task3", "{F08B0792-C204-4FE6-A5E9-452E72B81DBF}"
EndProject
Project("{9A19103F-16F7-4668-BE54-9A1E7A4F7556}") = "Tyuiu.BabaiKV.Sprint1.Task3.V1", "Tyuiu.BabaiKV.Sprint1.Task3.V1\Tyuiu.BabaiKV.Sprint1.Task3.V1.csproj", "{8FD60BDC-D621-425E-AD5B-10F85BEBE83D}"
EndProject
Project("{9A19103F-16F7-4668-BE54-9A1E7A4F7556}") = "Tyuiu.BabaiKV.Sprint1.Task3.V1.Lib", "Tyuiu.BabaiKV.Sprint1.Task3.V1.Lib\Tyuiu.BabaiKV.Sprint1.Task3.V1.Lib.csproj", "{DDCDD7B1-4C04-432F-80D4-A081EBF54DAA}"
EndProject
Project("{9A19103F-16F7-4668-BE54-9A1E7A4F7556}") = "Tyuiu.BabaiKV.Sprint1.Task3.V1.Test", "Tyuiu.BabaiKV.Sprint1.Task3.V1.Test\Tyuiu.BabaiKV.Sprint1.Task3.V1.Test.csproj", "{3EEBE007-88C7-40B4-9AF1-F121A0697DBC}"
EndProject
Project("{2150E333-8FDC-42A3-9474-1A3956D46DE8}") = "Task4", "Task4", "{A1A64891-0C44-4069-BC28-C8B1C1AC3972}"
EndProject
Project("{9A19103F-16F7-4668-BE54-9A1E7A4F7556}") = "Tyuiu.BabaiKV.Sprint1.Task4.V13", "Tyuiu.BabaiKV.Sprint1.Task4.V13\Tyuiu.BabaiKV.Sprint1.Task4.V13.csproj", "{69951F59-0A07-4907-9C15-E9C0813CE7B4}"
EndProject
Project("{9A19103F-16F7-4668-BE54-9A1E7A4F7556}") = "Tyuiu.BabaiKV.Sprint1.Task4.V13.Lib", "Tyuiu.BabaiKV.Sprint1.Task4.V13.Lib\Tyuiu.BabaiKV.Sprint1.Task4.V13.Lib.csproj", "{56537BE5-802C-4E55-B0A0-D5F5947DB1D0}"
EndProject
Project("{9A19103F-16F7-4668-BE54-9A1E7A4F7556}") = "Tyuiu.BabaiKV.Sprint1.Task4.V13.Test", "Tyuiu.BabaiKV.Sprint1.Task4.V13.Test\Tyuiu.BabaiKV.Sprint1.Task4.V13.Test.csproj", "{588D8AAB-BA5C-451C-A8B7-6F140E146CAC}"
EndProject
Project("{2150E333-8FDC-42A3-9474-1A3956D46DE8}") = "Task5", "Task5", "{3910F628-2592-4CBE-9D80-8EEFA9BFC7A2}"
EndProject
Project("{FAE04EC0-301F-11D3-BF4B-00C04F79EFBC}") = "Tyuiu.BabaiKV.Sprint1.Task5.V4", "Tyuiu.BabaiKV.Sprint1.Task5.V4\Tyuiu.BabaiKV.Sprint1.Task5.V4.csproj", "{92408447-0F95-44E4-A262-206E95D1F4CC}"
EndProject
Project("{FAE04EC0-301F-11D3-BF4B-00C04F79EFBC}") = "Tyuiu.BabaiKV.Sprint1.Task5.V4.Lib", "Tyuiu.BabaiKV.Sprint1.Task5.V4.Lib\Tyuiu.BabaiKV.Sprint1.Task5.V4.Lib.csproj", "{B8119C42-E446-4E76-A744-9FFF3C3B59BD}"
EndProject
Project("{FAE04EC0-301F-11D3-BF4B-00C04F79EFBC}") = "Tyuiu.BabaiKV.Sprint1.Task5.V4.Test", "Tyuiu.BabaiKV.Sprint1.Task5.V4.Test\Tyuiu.BabaiKV.Sprint1.Task5.V4.Test.csproj", "{C4868EA2-F3D8-442F-97E8-E0B63E2FBC3B}"
EndProject
Global
	GlobalSection(SolutionConfigurationPlatforms) = preSolution
		Debug|Any CPU = Debug|Any CPU
		Release|Any CPU = Release|Any CPU
	EndGlobalSection
	GlobalSection(ProjectConfigurationPlatforms) = postSolution
		{18A059F6-D3DD-4142-84D0-C9913C58990B}.Debug|Any CPU.ActiveCfg = Debug|Any CPU
		{18A059F6-D3DD-4142-84D0-C9913C58990B}.Debug|Any CPU.Build.0 = Debug|Any CPU
		{18A059F6-D3DD-4142-84D0-C9913C58990B}.Release|Any CPU.ActiveCfg = Release|Any CPU
		{18A059F6-D3DD-4142-84D0-C9913C58990B}.Release|Any CPU.Build.0 = Release|Any CPU
		{83A1568D-4F36-4BF7-804A-27DA221C191F}.Debug|Any CPU.ActiveCfg = Debug|Any CPU
		{83A1568D-4F36-4BF7-804A-27DA221C191F}.Debug|Any CPU.Build.0 = Debug|Any CPU
		{83A1568D-4F36-4BF7-804A-27DA221C191F}.Release|Any CPU.ActiveCfg = Release|Any CPU
		{83A1568D-4F36-4BF7-804A-27DA221C191F}.Release|Any CPU.Build.0 = Release|Any CPU
		{F949A0AD-209D-405F-AD28-CEE1B83CE206}.Debug|Any CPU.ActiveCfg = Debug|Any CPU
		{F949A0AD-209D-405F-AD28-CEE1B83CE206}.Debug|Any CPU.Build.0 = Debug|Any CPU
		{F949A0AD-209D-405F-AD28-CEE1B83CE206}.Release|Any CPU.ActiveCfg = Release|Any CPU
		{F949A0AD-209D-405F-AD28-CEE1B83CE206}.Release|Any CPU.Build.0 = Release|Any CPU
		{B8A0F910-75BE-498B-AC55-A00665885567}.Debug|Any CPU.ActiveCfg = Debug|Any CPU
		{B8A0F910-75BE-498B-AC55-A00665885567}.Debug|Any CPU.Build.0 = Debug|Any CPU
		{B8A0F910-75BE-498B-AC55-A00665885567}.Release|Any CPU.ActiveCfg = Release|Any CPU
		{B8A0F910-75BE-498B-AC55-A00665885567}.Release|Any CPU.Build.0 = Release|Any CPU
		{31159BD1-F98F-4ED0-92D7-65BD5B47FA60}.Debug|Any CPU.ActiveCfg = Debug|Any CPU
		{31159BD1-F98F-4ED0-92D7-65BD5B47FA60}.Debug|Any CPU.Build.0 = Debug|Any CPU
		{31159BD1-F98F-4ED0-92D7-65BD5B47FA60}.Release|Any CPU.ActiveCfg = Release|Any CPU
		{31159BD1-F98F-4ED0-92D7-65BD5B47FA60}.Release|Any CPU.Build.0 = Release|Any CPU
		{CA55244F-6A67-467B-A3EE-0E96E5BE5E3A}.Debug|Any CPU.ActiveCfg = Debug|Any CPU
		{CA55244F-6A67-467B-A3EE-0E96E5BE5E3A}.Debug|Any CPU.Build.0 = Debug|Any CPU
		{CA55244F-6A67-467B-A3EE-0E96E5BE5E3A}.Release|Any CPU.ActiveCfg = Release|Any CPU
		{CA55244F-6A67-467B-A3EE-0E96E5BE5E3A}.Release|Any CPU.Build.0 = Release|Any CPU
		{BA6FF37D-2B73-48AB-B5E3-FE2A513D3F6F}.Debug|Any CPU.ActiveCfg = Debug|Any CPU
		{BA6FF37D-2B73-48AB-B5E3-FE2A513D3F6F}.Debug|Any CPU.Build.0 = Debug|Any CPU
		{BA6FF37D-2B73-48AB-B5E3-FE2A513D3F6F}.Release|Any CPU.ActiveCfg = Release|Any CPU
		{BA6FF37D-2B73-48AB-B5E3-FE2A513D3F6F}.Release|Any CPU.Build.0 = Release|Any CPU
		{366A57CF-D506-475A-94E4-6DDF00D7885B}.Debug|Any CPU.ActiveCfg = Debug|Any CPU
		{366A57CF-D506-475A-94E4-6DDF00D7885B}.Debug|Any CPU.Build.0 = Debug|Any CPU
		{366A57CF-D506-475A-94E4-6DDF00D7885B}.Release|Any CPU.ActiveCfg = Release|Any CPU
		{366A57CF-D506-475A-94E4-6DDF00D7885B}.Release|Any CPU.Build.0 = Release|Any CPU
		{62A1CCE2-3614-441B-AD32-A464C2D48D37}.Debug|Any CPU.ActiveCfg = Debug|Any CPU
		{62A1CCE2-3614-441B-AD32-A464C2D48D37}.Debug|Any CPU.Build.0 = Debug|Any CPU
		{62A1CCE2-3614-441B-AD32-A464C2D48D37}.Release|Any CPU.ActiveCfg = Release|Any CPU
		{62A1CCE2-3614-441B-AD32-A464C2D48D37}.Release|Any CPU.Build.0 = Release|Any CPU
		{8FD60BDC-D621-425E-AD5B-10F85BEBE83D}.Debug|Any CPU.ActiveCfg = Debug|Any CPU
		{8FD60BDC-D621-425E-AD5B-10F85BEBE83D}.Debug|Any CPU.Build.0 = Debug|Any CPU
		{8FD60BDC-D621-425E-AD5B-10F85BEBE83D}.Release|Any CPU.ActiveCfg = Release|Any CPU
		{8FD60BDC-D621-425E-AD5B-10F85BEBE83D}.Release|Any CPU.Build.0 = Release|Any CPU
		{DDCDD7B1-4C04-432F-80D4-A081EBF54DAA}.Debug|Any CPU.ActiveCfg = Debug|Any CPU
		{DDCDD7B1-4C04-432F-80D4-A081EBF54DAA}.Debug|Any CPU.Build.0 = Debug|Any CPU
		{DDCDD7B1-4C04-432F-80D4-A081EBF54DAA}.Release|Any CPU.ActiveCfg = Release|Any CPU
		{DDCDD7B1-4C04-432F-80D4-A081EBF54DAA}.Release|Any CPU.Build.0 = Release|Any CPU
		{3EEBE007-88C7-40B4-9AF1-F121A0697DBC}.Debug|Any CPU.ActiveCfg = Debug|Any CPU
		{3EEBE007-88C7-40B4-9AF1-F121A0697DBC}.Debug|Any CPU.Build.0 = Debug|Any CPU
		{3EEBE007-88C7-40B4-9AF1-F121A0697DBC}.Release|Any CPU.ActiveCfg = Release|Any CPU
		{3EEBE007-88C7-40B4-9AF1-F121A0697DBC}.Release|Any CPU.Build.0 = Release|Any CPU
		{69951F59-0A07-4907-9C15-E9C0813CE7B4}.Debug|Any CPU.ActiveCfg = Debug|Any CPU
		{69951F59-0A07-4907-9C15-E9C0813CE7B4}.Debug|Any CPU.Build.0 = Debug|Any CPU
		{69951F59-0A07-4907-9C15-E9C0813CE7B4}.Release|Any CPU.ActiveCfg = Release|Any CPU
		{69951F59-0A07-4907-9C15-E9C0813CE7B4}.Release|Any CPU.Build.0 = Release|Any CPU
		{56537BE5-802C-4E55-B0A0-D5F5947DB1D0}.Debug|Any CPU.ActiveCfg = Debug|Any CPU
		{56537BE5-802C-4E55-B0A0-D5F5947DB1D0}.Debug|Any CPU.Build.0 = Debug|Any CPU
		{56537BE5-802C-4E55-B0A0-D5F5947DB1D0}.Release|Any CPU.ActiveCfg = Release|Any CPU
		{56537BE5-802C-4E55-B0A0-D5F5947DB1D0}.Release|Any CPU.Build.0 = Release|Any CPU
		{588D8AAB-BA5C-451C-A8B7-6F140E146CAC}.Debug|Any CPU.ActiveCfg = Debug|Any CPU
		{588D8AAB-BA5C-451C-A8B7-6F140E146CAC}.Debug|Any CPU.Build.0 = Debug|Any CPU
		{588D8AAB-BA5C-451C-A8B7-6F140E146CAC}.Release|Any CPU.ActiveCfg = Release|Any CPU
		{588D8AAB-BA5C-451C-A8B7-6F140E146CAC}.Release|Any CPU.Build.0 = Release|Any CPU
		{92408447-0F95-44E4-A262-206E95D1F4CC}.Debug|Any CPU.ActiveCfg = Debug|Any CPU
		{92408447-0F95-44E4-A262-206E95D1F4CC}.Debug|Any CPU.Build.0 = Debug|Any CPU
		{92408447-0F95-44E4-A262-206E95D1F4CC}.Release|Any CPU.ActiveCfg = Release|Any CPU
		{92408447-0F95-44E4-A262-206E95D1F4CC}.Release|Any CPU.Build.0 = Release|Any CPU
		{B8119C42-E446-4E76-A744-9FFF3C3B59BD}.Debug|Any CPU.ActiveCfg = Debug|Any CPU
		{B8119C42-E446-4E76-A744-9FFF3C3B59BD}.Debug|Any CPU.Build.0 = Debug|Any CPU
		{B8119C42-E446-4E76-A744-9FFF3C3B59BD}.Release|Any CPU.ActiveCfg = Release|Any CPU
		{B8119C42-E446-4E76-A744-9FFF3C3B59BD}.Release|Any CPU.Build.0 = Release|Any CPU
		{C4868EA2-F3D8-442F-97E8-E0B63E2FBC3B}.Debug|Any CPU.ActiveCfg = Debug|Any CPU
		{C4868EA2-F3D8-442F-97E8-E0B63E2FBC3B}.Debug|Any CPU.Build.0 = Debug|Any CPU
		{C4868EA2-F3D8-442F-97E8-E0B63E2FBC3B}.Release|Any CPU.ActiveCfg = Release|Any CPU
		{C4868EA2-F3D8-442F-97E8-E0B63E2FBC3B}.Release|Any CPU.Build.0 = Release|Any CPU
	EndGlobalSection
	GlobalSection(SolutionProperties) = preSolution
		HideSolutionNode = FALSE
	EndGlobalSection
	GlobalSection(NestedProjects) = preSolution
		{18A059F6-D3DD-4142-84D0-C9913C58990B} = {D9007522-B3A5-4685-A549-95F38F803A31}
		{83A1568D-4F36-4BF7-804A-27DA221C191F} = {D9007522-B3A5-4685-A549-95F38F803A31}
		{F949A0AD-209D-405F-AD28-CEE1B83CE206} = {D9007522-B3A5-4685-A549-95F38F803A31}
		{B8A0F910-75BE-498B-AC55-A00665885567} = {39033CA0-E0A4-4E7C-BD8E-ABD718523C8D}
		{31159BD1-F98F-4ED0-92D7-65BD5B47FA60} = {39033CA0-E0A4-4E7C-BD8E-ABD718523C8D}
		{CA55244F-6A67-467B-A3EE-0E96E5BE5E3A} = {39033CA0-E0A4-4E7C-BD8E-ABD718523C8D}
		{BA6FF37D-2B73-48AB-B5E3-FE2A513D3F6F} = {1BFA46A5-5F0D-450E-992D-2F0B073C2FB1}
		{366A57CF-D506-475A-94E4-6DDF00D7885B} = {1BFA46A5-5F0D-450E-992D-2F0B073C2FB1}
		{62A1CCE2-3614-441B-AD32-A464C2D48D37} = {1BFA46A5-5F0D-450E-992D-2F0B073C2FB1}
		{8FD60BDC-D621-425E-AD5B-10F85BEBE83D} = {F08B0792-C204-4FE6-A5E9-452E72B81DBF}
		{DDCDD7B1-4C04-432F-80D4-A081EBF54DAA} = {F08B0792-C204-4FE6-A5E9-452E72B81DBF}
		{3EEBE007-88C7-40B4-9AF1-F121A0697DBC} = {F08B0792-C204-4FE6-A5E9-452E72B81DBF}
		{69951F59-0A07-4907-9C15-E9C0813CE7B4} = {A1A64891-0C44-4069-BC28-C8B1C1AC3972}
		{56537BE5-802C-4E55-B0A0-D5F5947DB1D0} = {A1A64891-0C44-4069-BC28-C8B1C1AC3972}
		{588D8AAB-BA5C-451C-A8B7-6F140E146CAC} = {A1A64891-0C44-4069-BC28-C8B1C1AC3972}
		{92408447-0F95-44E4-A262-206E95D1F4CC} = {3910F628-2592-4CBE-9D80-8EEFA9BFC7A2}
		{B8119C42-E446-4E76-A744-9FFF3C3B59BD} = {3910F628-2592-4CBE-9D80-8EEFA9BFC7A2}
		{C4868EA2-F3D8-442F-97E8-E0B63E2FBC3B} = {3910F628-2592-4CBE-9D80-8EEFA9BFC7A2}
	EndGlobalSection
	GlobalSection(ExtensibilityGlobals) = postSolution
		SolutionGuid = {594D52CB-5D73-4334-8031-6465EEA16413}
	EndGlobalSection
EndGlobal
